// !$*UTF8*$!
{
	archiveVersion = 1;
	classes = {
	};
	objectVersion = 46;
	objects = {

/* Begin PBXBuildFile section */
		F3479B7A1FC0866800FB51D7 /* HotKey.framework in Frameworks */ = {isa = PBXBuildFile; fileRef = F3479B791FC0866800FB51D7 /* HotKey.framework */; };
		F3479B7B1FC0866800FB51D7 /* HotKey.framework in Embed Frameworks */ = {isa = PBXBuildFile; fileRef = F3479B791FC0866800FB51D7 /* HotKey.framework */; settings = {ATTRIBUTES = (CodeSignOnCopy, RemoveHeadersOnCopy, ); }; };
		F3479B7E1FC0957900FB51D7 /* SwiftyJSON.framework in Frameworks */ = {isa = PBXBuildFile; fileRef = F3479B7D1FC0957900FB51D7 /* SwiftyJSON.framework */; };
		F3479B7F1FC0957900FB51D7 /* SwiftyJSON.framework in Embed Frameworks */ = {isa = PBXBuildFile; fileRef = F3479B7D1FC0957900FB51D7 /* SwiftyJSON.framework */; settings = {ATTRIBUTES = (CodeSignOnCopy, RemoveHeadersOnCopy, ); }; };
		F359281D1EED93B60083AA41 /* AppDelegate.swift in Sources */ = {isa = PBXBuildFile; fileRef = F359281C1EED93B60083AA41 /* AppDelegate.swift */; };
		F35928241EED93B60083AA41 /* Assets.xcassets in Resources */ = {isa = PBXBuildFile; fileRef = F35928231EED93B60083AA41 /* Assets.xcassets */; };
		F35928271EED93B60083AA41 /* Main.storyboard in Resources */ = {isa = PBXBuildFile; fileRef = F35928251EED93B60083AA41 /* Main.storyboard */; };
		F359282F1EED98390083AA41 /* StatusMenuController.swift in Sources */ = {isa = PBXBuildFile; fileRef = F359282E1EED98390083AA41 /* StatusMenuController.swift */; };
		F386173C1FC32D3A000BD399 /* Config.swift in Sources */ = {isa = PBXBuildFile; fileRef = F386173B1FC32D3A000BD399 /* Config.swift */; };
		F386173E1FC3314E000BD399 /* HotkeyManager.swift in Sources */ = {isa = PBXBuildFile; fileRef = F386173D1FC3314E000BD399 /* HotkeyManager.swift */; };
		F3A252DC1FC343FF007091A2 /* LoginItem.swift in Sources */ = {isa = PBXBuildFile; fileRef = F3A252DB1FC343FF007091A2 /* LoginItem.swift */; };
/* End PBXBuildFile section */

/* Begin PBXCopyFilesBuildPhase section */
		F3479B7C1FC0866800FB51D7 /* Embed Frameworks */ = {
			isa = PBXCopyFilesBuildPhase;
			buildActionMask = 2147483647;
			dstPath = "";
			dstSubfolderSpec = 10;
			files = (
				F3479B7F1FC0957900FB51D7 /* SwiftyJSON.framework in Embed Frameworks */,
				F3479B7B1FC0866800FB51D7 /* HotKey.framework in Embed Frameworks */,
			);
			name = "Embed Frameworks";
			runOnlyForDeploymentPostprocessing = 0;
		};
/* End PBXCopyFilesBuildPhase section */

/* Begin PBXFileReference section */
		F3479B751FC0521000FB51D7 /* HotKey.framework */ = {isa = PBXFileReference; lastKnownFileType = wrapper.framework; name = HotKey.framework; path = Carthage/Build/Mac/HotKey.framework; sourceTree = "<group>"; };
		F3479B771FC0861300FB51D7 /* HotKey.framework.dSYM */ = {isa = PBXFileReference; lastKnownFileType = wrapper.dsym; name = HotKey.framework.dSYM; path = Carthage/Build/Mac/HotKey.framework.dSYM; sourceTree = "<group>"; };
		F3479B791FC0866800FB51D7 /* HotKey.framework */ = {isa = PBXFileReference; lastKnownFileType = wrapper.framework; name = HotKey.framework; path = Carthage/Build/Mac/HotKey.framework; sourceTree = "<group>"; };
		F3479B7D1FC0957900FB51D7 /* SwiftyJSON.framework */ = {isa = PBXFileReference; lastKnownFileType = wrapper.framework; name = SwiftyJSON.framework; path = Carthage/Build/Mac/SwiftyJSON.framework; sourceTree = "<group>"; };
		F35928191EED93B60083AA41 /* StatusBarRun.app */ = {isa = PBXFileReference; explicitFileType = wrapper.application; includeInIndex = 0; path = StatusBarRun.app; sourceTree = BUILT_PRODUCTS_DIR; };
		F359281C1EED93B60083AA41 /* AppDelegate.swift */ = {isa = PBXFileReference; lastKnownFileType = sourcecode.swift; path = AppDelegate.swift; sourceTree = "<group>"; };
		F35928231EED93B60083AA41 /* Assets.xcassets */ = {isa = PBXFileReference; lastKnownFileType = folder.assetcatalog; path = Assets.xcassets; sourceTree = "<group>"; };
		F35928261EED93B60083AA41 /* Base */ = {isa = PBXFileReference; lastKnownFileType = file.storyboard; name = Base; path = Base.lproj/Main.storyboard; sourceTree = "<group>"; };
		F35928281EED93B60083AA41 /* Info.plist */ = {isa = PBXFileReference; lastKnownFileType = text.plist.xml; path = Info.plist; sourceTree = "<group>"; };
		F359282E1EED98390083AA41 /* StatusMenuController.swift */ = {isa = PBXFileReference; fileEncoding = 4; lastKnownFileType = sourcecode.swift; path = StatusMenuController.swift; sourceTree = "<group>"; };
		F386173B1FC32D3A000BD399 /* Config.swift */ = {isa = PBXFileReference; lastKnownFileType = sourcecode.swift; path = Config.swift; sourceTree = "<group>"; };
		F386173D1FC3314E000BD399 /* HotkeyManager.swift */ = {isa = PBXFileReference; lastKnownFileType = sourcecode.swift; path = HotkeyManager.swift; sourceTree = "<group>"; };
		F3A252DB1FC343FF007091A2 /* LoginItem.swift */ = {isa = PBXFileReference; lastKnownFileType = sourcecode.swift; path = LoginItem.swift; sourceTree = "<group>"; };
/* End PBXFileReference section */

/* Begin PBXFrameworksBuildPhase section */
		F35928161EED93B60083AA41 /* Frameworks */ = {
			isa = PBXFrameworksBuildPhase;
			buildActionMask = 2147483647;
			files = (
				F3479B7E1FC0957900FB51D7 /* SwiftyJSON.framework in Frameworks */,
				F3479B7A1FC0866800FB51D7 /* HotKey.framework in Frameworks */,
			);
			runOnlyForDeploymentPostprocessing = 0;
		};
/* End PBXFrameworksBuildPhase section */

/* Begin PBXGroup section */
		F3479B741FC0521000FB51D7 /* Frameworks */ = {
			isa = PBXGroup;
			children = (
				F3479B771FC0861300FB51D7 /* HotKey.framework.dSYM */,
				F3479B751FC0521000FB51D7 /* HotKey.framework */,
			);
			name = Frameworks;
			sourceTree = "<group>";
		};
		F35928101EED93B60083AA41 = {
			isa = PBXGroup;
			children = (
				F3479B7D1FC0957900FB51D7 /* SwiftyJSON.framework */,
				F3479B791FC0866800FB51D7 /* HotKey.framework */,
				F359281B1EED93B60083AA41 /* StatusBarRun */,
				F359281A1EED93B60083AA41 /* Products */,
				F3479B741FC0521000FB51D7 /* Frameworks */,
			);
			sourceTree = "<group>";
		};
		F359281A1EED93B60083AA41 /* Products */ = {
			isa = PBXGroup;
			children = (
				F35928191EED93B60083AA41 /* StatusBarRun.app */,
			);
			name = Products;
			sourceTree = "<group>";
		};
		F359281B1EED93B60083AA41 /* StatusBarRun */ = {
			isa = PBXGroup;
			children = (
				F359281C1EED93B60083AA41 /* AppDelegate.swift */,
				F35928231EED93B60083AA41 /* Assets.xcassets */,
				F35928251EED93B60083AA41 /* Main.storyboard */,
				F35928281EED93B60083AA41 /* Info.plist */,
				F359282E1EED98390083AA41 /* StatusMenuController.swift */,
				F386173B1FC32D3A000BD399 /* Config.swift */,
				F386173D1FC3314E000BD399 /* HotkeyManager.swift */,
				F3A252DB1FC343FF007091A2 /* LoginItem.swift */,
			);
			path = StatusBarRun;
			sourceTree = "<group>";
		};
/* End PBXGroup section */

/* Begin PBXNativeTarget section */
		F35928181EED93B60083AA41 /* StatusBarRun */ = {
			isa = PBXNativeTarget;
			buildConfigurationList = F359282B1EED93B60083AA41 /* Build configuration list for PBXNativeTarget "StatusBarRun" */;
			buildPhases = (
				F35928151EED93B60083AA41 /* Sources */,
				F35928161EED93B60083AA41 /* Frameworks */,
				F35928171EED93B60083AA41 /* Resources */,
				F3479B7C1FC0866800FB51D7 /* Embed Frameworks */,
			);
			buildRules = (
			);
			dependencies = (
			);
			name = StatusBarRun;
			productName = StatusBarRun;
			productReference = F35928191EED93B60083AA41 /* StatusBarRun.app */;
			productType = "com.apple.product-type.application";
		};
/* End PBXNativeTarget section */

/* Begin PBXProject section */
		F35928111EED93B60083AA41 /* Project object */ = {
			isa = PBXProject;
			attributes = {
				LastSwiftUpdateCheck = 0830;
				LastUpgradeCheck = 0830;
				ORGANIZATIONNAME = "Simon Meusel";
				TargetAttributes = {
					F35928181EED93B60083AA41 = {
						CreatedOnToolsVersion = 8.3.3;
						DevelopmentTeam = 4Z9RUD85Z8;
						LastSwiftMigration = 0910;
						ProvisioningStyle = Automatic;
					};
				};
			};
			buildConfigurationList = F35928141EED93B60083AA41 /* Build configuration list for PBXProject "StatusBarRun" */;
			compatibilityVersion = "Xcode 3.2";
			developmentRegion = English;
			hasScannedForEncodings = 0;
			knownRegions = (
				en,
				Base,
			);
			mainGroup = F35928101EED93B60083AA41;
			productRefGroup = F359281A1EED93B60083AA41 /* Products */;
			projectDirPath = "";
			projectRoot = "";
			targets = (
				F35928181EED93B60083AA41 /* StatusBarRun */,
			);
		};
/* End PBXProject section */

/* Begin PBXResourcesBuildPhase section */
		F35928171EED93B60083AA41 /* Resources */ = {
			isa = PBXResourcesBuildPhase;
			buildActionMask = 2147483647;
			files = (
				F35928241EED93B60083AA41 /* Assets.xcassets in Resources */,
				F35928271EED93B60083AA41 /* Main.storyboard in Resources */,
			);
			runOnlyForDeploymentPostprocessing = 0;
		};
/* End PBXResourcesBuildPhase section */

/* Begin PBXSourcesBuildPhase section */
		F35928151EED93B60083AA41 /* Sources */ = {
			isa = PBXSourcesBuildPhase;
			buildActionMask = 2147483647;
			files = (
				F359282F1EED98390083AA41 /* StatusMenuController.swift in Sources */,
				F359281D1EED93B60083AA41 /* AppDelegate.swift in Sources */,
				F386173C1FC32D3A000BD399 /* Config.swift in Sources */,
				F386173E1FC3314E000BD399 /* HotkeyManager.swift in Sources */,
				F3A252DC1FC343FF007091A2 /* LoginItem.swift in Sources */,
			);
			runOnlyForDeploymentPostprocessing = 0;
		};
/* End PBXSourcesBuildPhase section */

/* Begin PBXVariantGroup section */
		F35928251EED93B60083AA41 /* Main.storyboard */ = {
			isa = PBXVariantGroup;
			children = (
				F35928261EED93B60083AA41 /* Base */,
			);
			name = Main.storyboard;
			sourceTree = "<group>";
		};
/* End PBXVariantGroup section */

/* Begin XCBuildConfiguration section */
		F35928291EED93B60083AA41 /* Debug */ = {
			isa = XCBuildConfiguration;
			buildSettings = {
				ALWAYS_SEARCH_USER_PATHS = NO;
				CLANG_ANALYZER_NONNULL = YES;
				CLANG_ANALYZER_NUMBER_OBJECT_CONVERSION = YES_AGGRESSIVE;
				CLANG_CXX_LANGUAGE_STANDARD = "gnu++0x";
				CLANG_CXX_LIBRARY = "libc++";
				CLANG_ENABLE_MODULES = YES;
				CLANG_ENABLE_OBJC_ARC = YES;
				CLANG_WARN_BOOL_CONVERSION = YES;
				CLANG_WARN_CONSTANT_CONVERSION = YES;
				CLANG_WARN_DIRECT_OBJC_ISA_USAGE = YES_ERROR;
				CLANG_WARN_DOCUMENTATION_COMMENTS = YES;
				CLANG_WARN_EMPTY_BODY = YES;
				CLANG_WARN_ENUM_CONVERSION = YES;
				CLANG_WARN_INFINITE_RECURSION = YES;
				CLANG_WARN_INT_CONVERSION = YES;
				CLANG_WARN_OBJC_ROOT_CLASS = YES_ERROR;
				CLANG_WARN_SUSPICIOUS_MOVE = YES;
				CLANG_WARN_UNREACHABLE_CODE = YES;
				CLANG_WARN__DUPLICATE_METHOD_MATCH = YES;
				CODE_SIGN_IDENTITY = "-";
				COPY_PHASE_STRIP = NO;
				DEBUG_INFORMATION_FORMAT = dwarf;
				ENABLE_STRICT_OBJC_MSGSEND = YES;
				ENABLE_TESTABILITY = YES;
				GCC_C_LANGUAGE_STANDARD = gnu99;
				GCC_DYNAMIC_NO_PIC = NO;
				GCC_NO_COMMON_BLOCKS = YES;
				GCC_OPTIMIZATION_LEVEL = 0;
				GCC_PREPROCESSOR_DEFINITIONS = (
					"DEBUG=1",
					"$(inherited)",
				);
				GCC_WARN_64_TO_32_BIT_CONVERSION = YES;
				GCC_WARN_ABOUT_RETURN_TYPE = YES_ERROR;
				GCC_WARN_UNDECLARED_SELECTOR = YES;
				GCC_WARN_UNINITIALIZED_AUTOS = YES_AGGRESSIVE;
				GCC_WARN_UNUSED_FUNCTION = YES;
				GCC_WARN_UNUSED_VARIABLE = YES;
				MACOSX_DEPLOYMENT_TARGET = 10.12;
				MTL_ENABLE_DEBUG_INFO = YES;
				ONLY_ACTIVE_ARCH = YES;
				SDKROOT = macosx;
				SWIFT_ACTIVE_COMPILATION_CONDITIONS = DEBUG;
				SWIFT_OPTIMIZATION_LEVEL = "-Onone";
			};
			name = Debug;
		};
		F359282A1EED93B60083AA41 /* Release */ = {
			isa = XCBuildConfiguration;
			buildSettings = {
				ALWAYS_SEARCH_USER_PATHS = NO;
				CLANG_ANALYZER_NONNULL = YES;
				CLANG_ANALYZER_NUMBER_OBJECT_CONVERSION = YES_AGGRESSIVE;
				CLANG_CXX_LANGUAGE_STANDARD = "gnu++0x";
				CLANG_CXX_LIBRARY = "libc++";
				CLANG_ENABLE_MODULES = YES;
				CLANG_ENABLE_OBJC_ARC = YES;
				CLANG_WARN_BOOL_CONVERSION = YES;
				CLANG_WARN_CONSTANT_CONVERSION = YES;
				CLANG_WARN_DIRECT_OBJC_ISA_USAGE = YES_ERROR;
				CLANG_WARN_DOCUMENTATION_COMMENTS = YES;
				CLANG_WARN_EMPTY_BODY = YES;
				CLANG_WARN_ENUM_CONVERSION = YES;
				CLANG_WARN_INFINITE_RECURSION = YES;
				CLANG_WARN_INT_CONVERSION = YES;
				CLANG_WARN_OBJC_ROOT_CLASS = YES_ERROR;
				CLANG_WARN_SUSPICIOUS_MOVE = YES;
				CLANG_WARN_UNREACHABLE_CODE = YES;
				CLANG_WARN__DUPLICATE_METHOD_MATCH = YES;
				CODE_SIGN_IDENTITY = "-";
				COPY_PHASE_STRIP = NO;
				DEBUG_INFORMATION_FORMAT = "dwarf-with-dsym";
				ENABLE_NS_ASSERTIONS = NO;
				ENABLE_STRICT_OBJC_MSGSEND = YES;
				GCC_C_LANGUAGE_STANDARD = gnu99;
				GCC_NO_COMMON_BLOCKS = YES;
				GCC_WARN_64_TO_32_BIT_CONVERSION = YES;
				GCC_WARN_ABOUT_RETURN_TYPE = YES_ERROR;
				GCC_WARN_UNDECLARED_SELECTOR = YES;
				GCC_WARN_UNINITIALIZED_AUTOS = YES_AGGRESSIVE;
				GCC_WARN_UNUSED_FUNCTION = YES;
				GCC_WARN_UNUSED_VARIABLE = YES;
				MACOSX_DEPLOYMENT_TARGET = 10.12;
				MTL_ENABLE_DEBUG_INFO = NO;
				SDKROOT = macosx;
				SWIFT_OPTIMIZATION_LEVEL = "-Owholemodule";
			};
			name = Release;
		};
		F359282C1EED93B60083AA41 /* Debug */ = {
			isa = XCBuildConfiguration;
			buildSettings = {
				ASSETCATALOG_COMPILER_APPICON_NAME = AppIcon;
				COMBINE_HIDPI_IMAGES = YES;
				DEVELOPMENT_TEAM = 4Z9RUD85Z8;
				FRAMEWORK_SEARCH_PATHS = (
					"$(inherited)",
					"$(PROJECT_DIR)/Carthage/Build/Mac",
				);
				INFOPLIST_FILE = StatusBarRun/Info.plist;
				LD_RUNPATH_SEARCH_PATHS = "$(inherited) @executable_path/../Frameworks";
				PRODUCT_BUNDLE_IDENTIFIER = de.simonmeusel.StatusBarRun;
				PRODUCT_NAME = "$(TARGET_NAME)";
				SWIFT_SWIFT3_OBJC_INFERENCE = On;
				SWIFT_VERSION = 4.0;
			};
			name = Debug;
		};
		F359282D1EED93B60083AA41 /* Release */ = {
			isa = XCBuildConfiguration;
			buildSettings = {
				ASSETCATALOG_COMPILER_APPICON_NAME = AppIcon;
				COMBINE_HIDPI_IMAGES = YES;
				DEVELOPMENT_TEAM = 4Z9RUD85Z8;
				FRAMEWORK_SEARCH_PATHS = (
					"$(inherited)",
					"$(PROJECT_DIR)/Carthage/Build/Mac",
				);
				INFOPLIST_FILE = StatusBarRun/Info.plist;
				LD_RUNPATH_SEARCH_PATHS = "$(inherited) @executable_path/../Frameworks";
				PRODUCT_BUNDLE_IDENTIFIER = de.simonmeusel.StatusBarRun;
				PRODUCT_NAME = "$(TARGET_NAME)";
				SWIFT_SWIFT3_OBJC_INFERENCE = On;
				SWIFT_VERSION = 4.0;
			};
			name = Release;
		};
/* End XCBuildConfiguration section */

/* Begin XCConfigurationList section */
		F35928141EED93B60083AA41 /* Build configuration list for PBXProject "StatusBarRun" */ = {
			isa = XCConfigurationList;
			buildConfigurations = (
				F35928291EED93B60083AA41 /* Debug */,
				F359282A1EED93B60083AA41 /* Release */,
			);
			defaultConfigurationIsVisible = 0;
			defaultConfigurationName = Release;
		};
		F359282B1EED93B60083AA41 /* Build configuration list for PBXNativeTarget "StatusBarRun" */ = {
			isa = XCConfigurationList;
			buildConfigurations = (
				F359282C1EED93B60083AA41 /* Debug */,
				F359282D1EED93B60083AA41 /* Release */,
			);
			defaultConfigurationIsVisible = 0;
			defaultConfigurationName = Release;
		};
/* End XCConfigurationList section */
	};
	rootObject = F35928111EED93B60083AA41 /* Project object */;
}
